<?xml version="1.0" encoding="utf-8"?>
<Project ToolsVersion="4.0" xmlns="http://schemas.microsoft.com/developer/msbuild/2003">
  <ItemGroup>
    <Filter Include="Source Files">
      <UniqueIdentifier>{4FC737F1-C7A5-4376-A066-2A32D752A2FF}</UniqueIdentifier>
      <Extensions>cpp;c;cc;cxx;def;odl;idl;hpj;bat;asm;asmx</Extensions>
    </Filter>
    <Filter Include="Header Files">
      <UniqueIdentifier>{93995380-89BD-4b04-88EB-625FBE52EBFB}</UniqueIdentifier>
      <Extensions>h;hh;hpp;hxx;hm;inl;inc;xsd</Extensions>
    </Filter>
    <Filter Include="Resource Files">
      <UniqueIdentifier>{67DA6AB6-F800-4c08-8B7A-83BB121AAD01}</UniqueIdentifier>
      <Extensions>rc;ico;cur;bmp;dlg;rc2;rct;bin;rgs;gif;jpg;jpeg;jpe;resx;tiff;tif;png;wav;mfcribbon-ms</Extensions>
    </Filter>
  </ItemGroup>
  <ItemGroup>
    <None Include="my_programs.ino" />
  </ItemGroup>
  <ItemGroup>
    <ClInclude Include="Visual Micro\.my_programs.vsarduino.h">
      <Filter>Header Files</Filter>
    </ClInclude>
    <ClInclude Include="Pulse.h">
      <Filter>Header Files</Filter>
    </ClInclude>
    <ClInclude Include="Program.h">
      <Filter>Header Files</Filter>
    </ClInclude>
    <ClInclude Include="WaveProgram.h">
      <Filter>Header Files</Filter>
    </ClInclude>
    <ClInclude Include="ProgramManager.h">
      <Filter>Header Files</Filter>
    </ClInclude>
    <ClInclude Include="BurstProgram.h">
      <Filter>Header Files</Filter>
    </ClInclude>
    <ClInclude Include="WaveIncreasingProgram.h">
      <Filter>Header Files</Filter>
    </ClInclude>
    <ClInclude Include="SwitchingBurstProgram.h">
      <Filter>Header Files</Filter>
    </ClInclude>
    <ClInclude Include="SpeedUpBurstProgram.h">
      <Filter>Header Files</Filter>
    </ClInclude>
    <ClInclude Include="SpeedUpDownBurstProgram.h">
      <Filter>Header Files</Filter>
    </ClInclude>
    <ClInclude Include="RandomProgram.h">
      <Filter>Header Files</Filter>
    </ClInclude>
    <ClInclude Include="UserJsonDefineProgram.h">
      <Filter>Header Files</Filter>
    </ClInclude>
    <ClInclude Include="DevBoard.h">
      <Filter>Header Files</Filter>
    </ClInclude>
  </ItemGroup>
  <ItemGroup>
    <ClCompile Include="Pulse.cpp">
      <Filter>Source Files</Filter>
    </ClCompile>
    <ClCompile Include="WaveProgram.cpp">
      <Filter>Source Files</Filter>
    </ClCompile>
    <ClCompile Include="ProgramManager.cpp">
      <Filter>Source Files</Filter>
    </ClCompile>
    <ClCompile Include="BurstProgram.cpp">
      <Filter>Source Files</Filter>
    </ClCompile>
    <ClCompile Include="WaveIncreasingProgram.cpp">
      <Filter>Source Files</Filter>
    </ClCompile>
    <ClCompile Include="SwitchingBurstProgram.cpp">
      <Filter>Source Files</Filter>
    </ClCompile>
    <ClCompile Include="SpeedUpBurstProgram.cpp">
      <Filter>Source Files</Filter>
    </ClCompile>
    <ClCompile Include="SpeedUpDownBurstProgram.cpp">
      <Filter>Source Files</Filter>
    </ClCompile>
    <ClCompile Include="RandomProgram.cpp">
      <Filter>Source Files</Filter>
    </ClCompile>
    <ClCompile Include="UserJsonDefineProgram.cpp">
      <Filter>Source Files</Filter>
    </ClCompile>
  </ItemGroup>
</Project>